// !$*UTF8*$!
{
	archiveVersion = 1;
	classes = {
	};
	objectVersion = 55;
	objects = {

/* Begin PBXBuildFile section */
		02AE24789C637B759688C25A /* libPods-AppLoad-OC.a in Frameworks */ = {isa = PBXBuildFile; fileRef = EBE99A8DA71D9959DE0BC83B /* libPods-AppLoad-OC.a */; };
		6AFF41D728B366E800EAE304 /* AppDelegate.m in Sources */ = {isa = PBXBuildFile; fileRef = 6AFF41D628B366E800EAE304 /* AppDelegate.m */; };
		6AFF41DA28B366E800EAE304 /* SceneDelegate.m in Sources */ = {isa = PBXBuildFile; fileRef = 6AFF41D928B366E800EAE304 /* SceneDelegate.m */; };
		6AFF41DD28B366E800EAE304 /* ViewController.m in Sources */ = {isa = PBXBuildFile; fileRef = 6AFF41DC28B366E800EAE304 /* ViewController.m */; };
		6AFF41E028B366E800EAE304 /* Main.storyboard in Resources */ = {isa = PBXBuildFile; fileRef = 6AFF41DE28B366E800EAE304 /* Main.storyboard */; };
		6AFF41E228B366F100EAE304 /* Assets.xcassets in Resources */ = {isa = PBXBuildFile; fileRef = 6AFF41E128B366F100EAE304 /* Assets.xcassets */; };
		6AFF41E528B366F100EAE304 /* LaunchScreen.storyboard in Resources */ = {isa = PBXBuildFile; fileRef = 6AFF41E328B366F100EAE304 /* LaunchScreen.storyboard */; };
		6AFF41E828B366F100EAE304 /* main.m in Sources */ = {isa = PBXBuildFile; fileRef = 6AFF41E728B366F100EAE304 /* main.m */; };
/* End PBXBuildFile section */

/* Begin PBXFileReference section */
		138D1623FE3BC95CB44380E1 /* Pods-AppLoad-OC.debug.xcconfig */ = {isa = PBXFileReference; includeInIndex = 1; lastKnownFileType = text.xcconfig; name = "Pods-AppLoad-OC.debug.xcconfig"; path = "Target Support Files/Pods-AppLoad-OC/Pods-AppLoad-OC.debug.xcconfig"; sourceTree = "<group>"; };
		17AA44EF79DB83D9EB7E7872 /* Pods-AppLoad-OC.release.xcconfig */ = {isa = PBXFileReference; includeInIndex = 1; lastKnownFileType = text.xcconfig; name = "Pods-AppLoad-OC.release.xcconfig"; path = "Target Support Files/Pods-AppLoad-OC/Pods-AppLoad-OC.release.xcconfig"; sourceTree = "<group>"; };
		6AFF41D228B366E800EAE304 /* AppLoad-OC.app */ = {isa = PBXFileReference; explicitFileType = wrapper.application; includeInIndex = 0; path = "AppLoad-OC.app"; sourceTree = BUILT_PRODUCTS_DIR; };
		6AFF41D528B366E800EAE304 /* AppDelegate.h */ = {isa = PBXFileReference; lastKnownFileType = sourcecode.c.h; path = AppDelegate.h; sourceTree = "<group>"; };
		6AFF41D628B366E800EAE304 /* AppDelegate.m */ = {isa = PBXFileReference; lastKnownFileType = sourcecode.c.objc; path = AppDelegate.m; sourceTree = "<group>"; };
		6AFF41D828B366E800EAE304 /* SceneDelegate.h */ = {isa = PBXFileReference; lastKnownFileType = sourcecode.c.h; path = SceneDelegate.h; sourceTree = "<group>"; };
		6AFF41D928B366E800EAE304 /* SceneDelegate.m */ = {isa = PBXFileReference; lastKnownFileType = sourcecode.c.objc; path = SceneDelegate.m; sourceTree = "<group>"; };
		6AFF41DB28B366E800EAE304 /* ViewController.h */ = {isa = PBXFileReference; lastKnownFileType = sourcecode.c.h; path = ViewController.h; sourceTree = "<group>"; };
		6AFF41DC28B366E800EAE304 /* ViewController.m */ = {isa = PBXFileReference; lastKnownFileType = sourcecode.c.objc; path = ViewController.m; sourceTree = "<group>"; };
		6AFF41DF28B366E800EAE304 /* Base */ = {isa = PBXFileReference; lastKnownFileType = file.storyboard; name = Base; path = Base.lproj/Main.storyboard; sourceTree = "<group>"; };
		6AFF41E128B366F100EAE304 /* Assets.xcassets */ = {isa = PBXFileReference; lastKnownFileType = folder.assetcatalog; path = Assets.xcassets; sourceTree = "<group>"; };
		6AFF41E428B366F100EAE304 /* Base */ = {isa = PBXFileReference; lastKnownFileType = file.storyboard; name = Base; path = Base.lproj/LaunchScreen.storyboard; sourceTree = "<group>"; };
		6AFF41E628B366F100EAE304 /* Info.plist */ = {isa = PBXFileReference; lastKnownFileType = text.plist.xml; path = Info.plist; sourceTree = "<group>"; };
		6AFF41E728B366F100EAE304 /* main.m */ = {isa = PBXFileReference; lastKnownFileType = sourcecode.c.objc; path = main.m; sourceTree = "<group>"; };
		EBE99A8DA71D9959DE0BC83B /* libPods-AppLoad-OC.a */ = {isa = PBXFileReference; explicitFileType = archive.ar; includeInIndex = 0; path = "libPods-AppLoad-OC.a"; sourceTree = BUILT_PRODUCTS_DIR; };
/* End PBXFileReference section */

/* Begin PBXFrameworksBuildPhase section */
		6AFF41CF28B366E800EAE304 /* Frameworks */ = {
			isa = PBXFrameworksBuildPhase;
			buildActionMask = 2147483647;
			files = (
				02AE24789C637B759688C25A /* libPods-AppLoad-OC.a in Frameworks */,
			);
			runOnlyForDeploymentPostprocessing = 0;
		};
/* End PBXFrameworksBuildPhase section */

/* Begin PBXGroup section */
		6AFF41C928B366E800EAE304 = {
			isa = PBXGroup;
			children = (
				6AFF41D428B366E800EAE304 /* AppLoad-OC */,
				6AFF41D328B366E800EAE304 /* Products */,
				F99444D5D3C39FA36398C87C /* Pods */,
				F54ED80F42F298DBE6D9CEA8 /* Frameworks */,
			);
			sourceTree = "<group>";
		};
		6AFF41D328B366E800EAE304 /* Products */ = {
			isa = PBXGroup;
			children = (
				6AFF41D228B366E800EAE304 /* AppLoad-OC.app */,
			);
			name = Products;
			sourceTree = "<group>";
		};
		6AFF41D428B366E800EAE304 /* AppLoad-OC */ = {
			isa = PBXGroup;
			children = (
				6AFF41D528B366E800EAE304 /* AppDelegate.h */,
				6AFF41D628B366E800EAE304 /* AppDelegate.m */,
				6AFF41D828B366E800EAE304 /* SceneDelegate.h */,
				6AFF41D928B366E800EAE304 /* SceneDelegate.m */,
				6AFF41DB28B366E800EAE304 /* ViewController.h */,
				6AFF41DC28B366E800EAE304 /* ViewController.m */,
				6AFF41DE28B366E800EAE304 /* Main.storyboard */,
				6AFF41E128B366F100EAE304 /* Assets.xcassets */,
				6AFF41E328B366F100EAE304 /* LaunchScreen.storyboard */,
				6AFF41E628B366F100EAE304 /* Info.plist */,
				6AFF41E728B366F100EAE304 /* main.m */,
			);
			path = "AppLoad-OC";
			sourceTree = "<group>";
		};
		F54ED80F42F298DBE6D9CEA8 /* Frameworks */ = {
			isa = PBXGroup;
			children = (
				EBE99A8DA71D9959DE0BC83B /* libPods-AppLoad-OC.a */,
			);
			name = Frameworks;
			sourceTree = "<group>";
		};
		F99444D5D3C39FA36398C87C /* Pods */ = {
			isa = PBXGroup;
			children = (
				138D1623FE3BC95CB44380E1 /* Pods-AppLoad-OC.debug.xcconfig */,
				17AA44EF79DB83D9EB7E7872 /* Pods-AppLoad-OC.release.xcconfig */,
			);
			path = Pods;
			sourceTree = "<group>";
		};
/* End PBXGroup section */

/* Begin PBXNativeTarget section */
		6AFF41D128B366E800EAE304 /* AppLoad-OC */ = {
			isa = PBXNativeTarget;
			buildConfigurationList = 6AFF41EB28B366F100EAE304 /* Build configuration list for PBXNativeTarget "AppLoad-OC" */;
			buildPhases = (
				F6E07EC1FCEAC54606B45034 /* [CP] Check Pods Manifest.lock */,
				6AFF41CE28B366E800EAE304 /* Sources */,
				6AFF41CF28B366E800EAE304 /* Frameworks */,
				6AFF41D028B366E800EAE304 /* Resources */,
			);
			buildRules = (
			);
			dependencies = (
			);
			name = "AppLoad-OC";
			productName = "AppLoad-OC";
			productReference = 6AFF41D228B366E800EAE304 /* AppLoad-OC.app */;
			productType = "com.apple.product-type.application";
		};
/* End PBXNativeTarget section */

/* Begin PBXProject section */
		6AFF41CA28B366E800EAE304 /* Project object */ = {
			isa = PBXProject;
			attributes = {
				BuildIndependentTargetsInParallel = 1;
				LastUpgradeCheck = 1340;
				TargetAttributes = {
					6AFF41D128B366E800EAE304 = {
						CreatedOnToolsVersion = 13.4.1;
					};
				};
			};
			buildConfigurationList = 6AFF41CD28B366E800EAE304 /* Build configuration list for PBXProject "AppLoad-OC" */;
			compatibilityVersion = "Xcode 13.0";
			developmentRegion = en;
			hasScannedForEncodings = 0;
			knownRegions = (
				en,
				Base,
			);
			mainGroup = 6AFF41C928B366E800EAE304;
			productRefGroup = 6AFF41D328B366E800EAE304 /* Products */;
			projectDirPath = "";
			projectRoot = "";
			targets = (
				6AFF41D128B366E800EAE304 /* AppLoad-OC */,
			);
		};
/* End PBXProject section */

/* Begin PBXResourcesBuildPhase section */
		6AFF41D028B366E800EAE304 /* Resources */ = {
			isa = PBXResourcesBuildPhase;
			buildActionMask = 2147483647;
			files = (
				6AFF41E528B366F100EAE304 /* LaunchScreen.storyboard in Resources */,
				6AFF41E228B366F100EAE304 /* Assets.xcassets in Resources */,
				6AFF41E028B366E800EAE304 /* Main.storyboard in Resources */,
			);
			runOnlyForDeploymentPostprocessing = 0;
		};
/* End PBXResourcesBuildPhase section */

/* Begin PBXShellScriptBuildPhase section */
		F6E07EC1FCEAC54606B45034 /* [CP] Check Pods Manifest.lock */ = {
			isa = PBXShellScriptBuildPhase;
			buildActionMask = 2147483647;
			files = (
			);
			inputFileListPaths = (
			);
			inputPaths = (
				"${PODS_PODFILE_DIR_PATH}/Podfile.lock",
				"${PODS_ROOT}/Manifest.lock",
			);
			name = "[CP] Check Pods Manifest.lock";
			outputFileListPaths = (
			);
			outputPaths = (
				"$(DERIVED_FILE_DIR)/Pods-AppLoad-OC-checkManifestLockResult.txt",
			);
			runOnlyForDeploymentPostprocessing = 0;
			shellPath = /bin/sh;
			shellScript = "diff \"${PODS_PODFILE_DIR_PATH}/Podfile.lock\" \"${PODS_ROOT}/Manifest.lock\" > /dev/null\nif [ $? != 0 ] ; then\n    # print error to STDERR\n    echo \"error: The sandbox is not in sync with the Podfile.lock. Run 'pod install' or update your CocoaPods installation.\" >&2\n    exit 1\nfi\n# This output is used by Xcode 'outputs' to avoid re-running this script phase.\necho \"SUCCESS\" > \"${SCRIPT_OUTPUT_FILE_0}\"\n";
			showEnvVarsInLog = 0;
		};
/* End PBXShellScriptBuildPhase section */

/* Begin PBXSourcesBuildPhase section */
		6AFF41CE28B366E800EAE304 /* Sources */ = {
			isa = PBXSourcesBuildPhase;
			buildActionMask = 2147483647;
			files = (
				6AFF41DD28B366E800EAE304 /* ViewController.m in Sources */,
				6AFF41D728B366E800EAE304 /* AppDelegate.m in Sources */,
				6AFF41E828B366F100EAE304 /* main.m in Sources */,
				6AFF41DA28B366E800EAE304 /* SceneDelegate.m in Sources */,
			);
			runOnlyForDeploymentPostprocessing = 0;
		};
/* End PBXSourcesBuildPhase section */

/* Begin PBXVariantGroup section */
		6AFF41DE28B366E800EAE304 /* Main.storyboard */ = {
			isa = PBXVariantGroup;
			children = (
				6AFF41DF28B366E800EAE304 /* Base */,
			);
			name = Main.storyboard;
			sourceTree = "<group>";
		};
		6AFF41E328B366F100EAE304 /* LaunchScreen.storyboard */ = {
			isa = PBXVariantGroup;
			children = (
				6AFF41E428B366F100EAE304 /* Base */,
			);
			name = LaunchScreen.storyboard;
			sourceTree = "<group>";
		};
/* End PBXVariantGroup section */

/* Begin XCBuildConfiguration section */
		6AFF41E928B366F100EAE304 /* Debug */ = {
			isa = XCBuildConfiguration;
			buildSettings = {
				ALWAYS_SEARCH_USER_PATHS = NO;
				CLANG_ANALYZER_NONNULL = YES;
				CLANG_ANALYZER_NUMBER_OBJECT_CONVERSION = YES_AGGRESSIVE;
				CLANG_CXX_LANGUAGE_STANDARD = "gnu++17";
				CLANG_ENABLE_MODULES = YES;
				CLANG_ENABLE_OBJC_ARC = YES;
				CLANG_ENABLE_OBJC_WEAK = YES;
				CLANG_WARN_BLOCK_CAPTURE_AUTORELEASING = YES;
				CLANG_WARN_BOOL_CONVERSION = YES;
				CLANG_WARN_COMMA = YES;
				CLANG_WARN_CONSTANT_CONVERSION = YES;
				CLANG_WARN_DEPRECATED_OBJC_IMPLEMENTATIONS = YES;
				CLANG_WARN_DIRECT_OBJC_ISA_USAGE = YES_ERROR;
				CLANG_WARN_DOCUMENTATION_COMMENTS = YES;
				CLANG_WARN_EMPTY_BODY = YES;
				CLANG_WARN_ENUM_CONVERSION = YES;
				CLANG_WARN_INFINITE_RECURSION = YES;
				CLANG_WARN_INT_CONVERSION = YES;
				CLANG_WARN_NON_LITERAL_NULL_CONVERSION = YES;
				CLANG_WARN_OBJC_IMPLICIT_RETAIN_SELF = YES;
				CLANG_WARN_OBJC_LITERAL_CONVERSION = YES;
				CLANG_WARN_OBJC_ROOT_CLASS = YES_ERROR;
				CLANG_WARN_QUOTED_INCLUDE_IN_FRAMEWORK_HEADER = YES;
				CLANG_WARN_RANGE_LOOP_ANALYSIS = YES;
				CLANG_WARN_STRICT_PROTOTYPES = YES;
				CLANG_WARN_SUSPICIOUS_MOVE = YES;
				CLANG_WARN_UNGUARDED_AVAILABILITY = YES_AGGRESSIVE;
				CLANG_WARN_UNREACHABLE_CODE = YES;
				CLANG_WARN__DUPLICATE_METHOD_MATCH = YES;
				COPY_PHASE_STRIP = NO;
				DEBUG_INFORMATION_FORMAT = dwarf;
				ENABLE_STRICT_OBJC_MSGSEND = YES;
				ENABLE_TESTABILITY = YES;
				GCC_C_LANGUAGE_STANDARD = gnu11;
				GCC_DYNAMIC_NO_PIC = NO;
				GCC_NO_COMMON_BLOCKS = YES;
				GCC_OPTIMIZATION_LEVEL = 0;
				GCC_PREPROCESSOR_DEFINITIONS = (
					"DEBUG=1",
					"$(inherited)",
				);
				GCC_WARN_64_TO_32_BIT_CONVERSION = YES;
				GCC_WARN_ABOUT_RETURN_TYPE = YES_ERROR;
				GCC_WARN_UNDECLARED_SELECTOR = YES;
				GCC_WARN_UNINITIALIZED_AUTOS = YES_AGGRESSIVE;
				GCC_WARN_UNUSED_FUNCTION = YES;
				GCC_WARN_UNUSED_VARIABLE = YES;
				IPHONEOS_DEPLOYMENT_TARGET = 15.5;
				MTL_ENABLE_DEBUG_INFO = INCLUDE_SOURCE;
				MTL_FAST_MATH = YES;
				ONLY_ACTIVE_ARCH = YES;
				SDKROOT = iphoneos;
			};
			name = Debug;
		};
		6AFF41EA28B366F100EAE304 /* Release */ = {
			isa = XCBuildConfiguration;
			buildSettings = {
				ALWAYS_SEARCH_USER_PATHS = NO;
				CLANG_ANALYZER_NONNULL = YES;
				CLANG_ANALYZER_NUMBER_OBJECT_CONVERSION = YES_AGGRESSIVE;
				CLANG_CXX_LANGUAGE_STANDARD = "gnu++17";
				CLANG_ENABLE_MODULES = YES;
				CLANG_ENABLE_OBJC_ARC = YES;
				CLANG_ENABLE_OBJC_WEAK = YES;
				CLANG_WARN_BLOCK_CAPTURE_AUTORELEASING = YES;
				CLANG_WARN_BOOL_CONVERSION = YES;
				CLANG_WARN_COMMA = YES;
				CLANG_WARN_CONSTANT_CONVERSION = YES;
				CLANG_WARN_DEPRECATED_OBJC_IMPLEMENTATIONS = YES;
				CLANG_WARN_DIRECT_OBJC_ISA_USAGE = YES_ERROR;
				CLANG_WARN_DOCUMENTATION_COMMENTS = YES;
				CLANG_WARN_EMPTY_BODY = YES;
				CLANG_WARN_ENUM_CONVERSION = YES;
				CLANG_WARN_INFINITE_RECURSION = YES;
				CLANG_WARN_INT_CONVERSION = YES;
				CLANG_WARN_NON_LITERAL_NULL_CONVERSION = YES;
				CLANG_WARN_OBJC_IMPLICIT_RETAIN_SELF = YES;
				CLANG_WARN_OBJC_LITERAL_CONVERSION = YES;
				CLANG_WARN_OBJC_ROOT_CLASS = YES_ERROR;
				CLANG_WARN_QUOTED_INCLUDE_IN_FRAMEWORK_HEADER = YES;
				CLANG_WARN_RANGE_LOOP_ANALYSIS = YES;
				CLANG_WARN_STRICT_PROTOTYPES = YES;
				CLANG_WARN_SUSPICIOUS_MOVE = YES;
				CLANG_WARN_UNGUARDED_AVAILABILITY = YES_AGGRESSIVE;
				CLANG_WARN_UNREACHABLE_CODE = YES;
				CLANG_WARN__DUPLICATE_METHOD_MATCH = YES;
				COPY_PHASE_STRIP = NO;
				DEBUG_INFORMATION_FORMAT = "dwarf-with-dsym";
				ENABLE_NS_ASSERTIONS = NO;
				ENABLE_STRICT_OBJC_MSGSEND = YES;
				GCC_C_LANGUAGE_STANDARD = gnu11;
				GCC_NO_COMMON_BLOCKS = YES;
				GCC_WARN_64_TO_32_BIT_CONVERSION = YES;
				GCC_WARN_ABOUT_RETURN_TYPE = YES_ERROR;
				GCC_WARN_UNDECLARED_SELECTOR = YES;
				GCC_WARN_UNINITIALIZED_AUTOS = YES_AGGRESSIVE;
				GCC_WARN_UNUSED_FUNCTION = YES;
				GCC_WARN_UNUSED_VARIABLE = YES;
				IPHONEOS_DEPLOYMENT_TARGET = 15.5;
				MTL_ENABLE_DEBUG_INFO = NO;
				MTL_FAST_MATH = YES;
				SDKROOT = iphoneos;
				VALIDATE_PRODUCT = YES;
			};
			name = Release;
		};
		6AFF41EC28B366F100EAE304 /* Debug */ = {
			isa = XCBuildConfiguration;
			baseConfigurationReference = 138D1623FE3BC95CB44380E1 /* Pods-AppLoad-OC.debug.xcconfig */;
			buildSettings = {
				ASSETCATALOG_COMPILER_APPICON_NAME = AppIcon;
				ASSETCATALOG_COMPILER_GLOBAL_ACCENT_COLOR_NAME = AccentColor;
				CODE_SIGN_STYLE = Automatic;
				CURRENT_PROJECT_VERSION = 1;
				DEVELOPMENT_TEAM = 8JD3VFVV9F;
				GENERATE_INFOPLIST_FILE = YES;
				INFOPLIST_FILE = "AppLoad-OC/Info.plist";
				INFOPLIST_KEY_UIApplicationSupportsIndirectInputEvents = YES;
				INFOPLIST_KEY_UILaunchStoryboardName = LaunchScreen;
				INFOPLIST_KEY_UIMainStoryboardFile = Main;
				INFOPLIST_KEY_UISupportedInterfaceOrientations_iPad = "UIInterfaceOrientationPortrait UIInterfaceOrientationPortraitUpsideDown UIInterfaceOrientationLandscapeLeft UIInterfaceOrientationLandscapeRight";
				INFOPLIST_KEY_UISupportedInterfaceOrientations_iPhone = "UIInterfaceOrientationPortrait UIInterfaceOrientationLandscapeLeft UIInterfaceOrientationLandscapeRight";
				IPHONEOS_DEPLOYMENT_TARGET = 13.0;
				LD_GENERATE_MAP_FILE = NO;
				LD_RUNPATH_SEARCH_PATHS = (
					"$(inherited)",
					"@executable_path/Frameworks",
				);
				MARKETING_VERSION = 1.0;
				ORDER_FILE = ./clangTrace.order;
				OTHER_CFLAGS = "-fsanitize-coverage=func,trace-pc-guard";
				PRODUCT_BUNDLE_IDENTIFIER = "com.mz.AppLoad-OC";
				PRODUCT_NAME = "$(TARGET_NAME)";
				SWIFT_EMIT_LOC_STRINGS = YES;
				TARGETED_DEVICE_FAMILY = "1,2";
			};
			name = Debug;
		};
		6AFF41ED28B366F100EAE304 /* Release */ = {
			isa = XCBuildConfiguration;
			baseConfigurationReference = 17AA44EF79DB83D9EB7E7872 /* Pods-AppLoad-OC.release.xcconfig */;
			buildSettings = {
				ASSETCATALOG_COMPILER_APPICON_NAME = AppIcon;
				ASSETCATALOG_COMPILER_GLOBAL_ACCENT_COLOR_NAME = AccentColor;
				CODE_SIGN_STYLE = Automatic;
				CURRENT_PROJECT_VERSION = 1;
				DEVELOPMENT_TEAM = 8JD3VFVV9F;
				GENERATE_INFOPLIST_FILE = YES;
				INFOPLIST_FILE = "AppLoad-OC/Info.plist";
				INFOPLIST_KEY_UIApplicationSupportsIndirectInputEvents = YES;
				INFOPLIST_KEY_UILaunchStoryboardName = LaunchScreen;
				INFOPLIST_KEY_UIMainStoryboardFile = Main;
				INFOPLIST_KEY_UISupportedInterfaceOrientations_iPad = "UIInterfaceOrientationPortrait UIInterfaceOrientationPortraitUpsideDown UIInterfaceOrientationLandscapeLeft UIInterfaceOrientationLandscapeRight";
				INFOPLIST_KEY_UISupportedInterfaceOrientations_iPhone = "UIInterfaceOrientationPortrait UIInterfaceOrientationLandscapeLeft UIInterfaceOrientationLandscapeRight";
				IPHONEOS_DEPLOYMENT_TARGET = 13.0;
				LD_GENERATE_MAP_FILE = NO;
				LD_RUNPATH_SEARCH_PATHS = (
					"$(inherited)",
					"@executable_path/Frameworks",
				);
				MARKETING_VERSION = 1.0;
				ORDER_FILE = ./clangTrace.order;
				OTHER_CFLAGS = "-fsanitize-coverage=func,trace-pc-guard";
				PRODUCT_BUNDLE_IDENTIFIER = "com.mz.AppLoad-OC";
				PRODUCT_NAME = "$(TARGET_NAME)";
				SWIFT_EMIT_LOC_STRINGS = YES;
				TARGETED_DEVICE_FAMILY = "1,2";
			};
			name = Release;
		};
/* End XCBuildConfiguration section */

/* Begin XCConfigurationList section */
		6AFF41CD28B366E800EAE304 /* Build configuration list for PBXProject "AppLoad-OC" */ = {
			isa = XCConfigurationList;
			buildConfigurations = (
				6AFF41E928B366F100EAE304 /* Debug */,
				6AFF41EA28B366F100EAE304 /* Release */,
			);
			defaultConfigurationIsVisible = 0;
			defaultConfigurationName = Release;
		};
		6AFF41EB28B366F100EAE304 /* Build configuration list for PBXNativeTarget "AppLoad-OC" */ = {
			isa = XCConfigurationList;
			buildConfigurations = (
				6AFF41EC28B366F100EAE304 /* Debug */,
				6AFF41ED28B366F100EAE304 /* Release */,
			);
			defaultConfigurationIsVisible = 0;
			defaultConfigurationName = Release;
		};
/* End XCConfigurationList section */
	};
	rootObject = 6AFF41CA28B366E800EAE304 /* Project object */;
}
